// !$*UTF8*$!
{
	archiveVersion = 1;
	classes = {
	};
	objectVersion = 50;
	objects = {

/* Begin PBXBuildFile section */
		884D75BA2412D6D500FA8035 /* AppDelegate.swift in Sources */ = {isa = PBXBuildFile; fileRef = 884D75B92412D6D500FA8035 /* AppDelegate.swift */; };
		884D75BC2412D6D500FA8035 /* SceneDelegate.swift in Sources */ = {isa = PBXBuildFile; fileRef = 884D75BB2412D6D500FA8035 /* SceneDelegate.swift */; };
		884D75BE2412D6D500FA8035 /* ContentView.swift in Sources */ = {isa = PBXBuildFile; fileRef = 884D75BD2412D6D500FA8035 /* ContentView.swift */; };
		884D75C02412D6D600FA8035 /* Assets.xcassets in Resources */ = {isa = PBXBuildFile; fileRef = 884D75BF2412D6D600FA8035 /* Assets.xcassets */; };
		884D75C32412D6D600FA8035 /* Preview Assets.xcassets in Resources */ = {isa = PBXBuildFile; fileRef = 884D75C22412D6D600FA8035 /* Preview Assets.xcassets */; };
		884D75C62412D6D600FA8035 /* LaunchScreen.storyboard in Resources */ = {isa = PBXBuildFile; fileRef = 884D75C42412D6D600FA8035 /* LaunchScreen.storyboard */; };
		884D75D32412D7CC00FA8035 /* UserData.swift in Sources */ = {isa = PBXBuildFile; fileRef = 884D75D02412D7CC00FA8035 /* UserData.swift */; };
		884D75D42412D7CC00FA8035 /* Data.swift in Sources */ = {isa = PBXBuildFile; fileRef = 884D75D12412D7CC00FA8035 /* Data.swift */; };
		884D75D52412D7CC00FA8035 /* Landmark.swift in Sources */ = {isa = PBXBuildFile; fileRef = 884D75D22412D7CC00FA8035 /* Landmark.swift */; };
		884D75E62412D88400FA8035 /* silversalmoncreek.jpg in Resources */ = {isa = PBXBuildFile; fileRef = 884D75D92412D88400FA8035 /* silversalmoncreek.jpg */; };
		884D75E72412D88400FA8035 /* lakemcdonald.jpg in Resources */ = {isa = PBXBuildFile; fileRef = 884D75DA2412D88400FA8035 /* lakemcdonald.jpg */; };
		884D75E82412D88400FA8035 /* twinlake.jpg in Resources */ = {isa = PBXBuildFile; fileRef = 884D75DB2412D88400FA8035 /* twinlake.jpg */; };
		884D75E92412D88400FA8035 /* stmarylake.jpg in Resources */ = {isa = PBXBuildFile; fileRef = 884D75DC2412D88400FA8035 /* stmarylake.jpg */; };
		884D75EA2412D88400FA8035 /* icybay.jpg in Resources */ = {isa = PBXBuildFile; fileRef = 884D75DD2412D88400FA8035 /* icybay.jpg */; };
		884D75EB2412D88400FA8035 /* umbagog.jpg in Resources */ = {isa = PBXBuildFile; fileRef = 884D75DE2412D88400FA8035 /* umbagog.jpg */; };
		884D75EC2412D88400FA8035 /* hiddenlake.jpg in Resources */ = {isa = PBXBuildFile; fileRef = 884D75DF2412D88400FA8035 /* hiddenlake.jpg */; };
		884D75ED2412D88400FA8035 /* rainbowlake.jpg in Resources */ = {isa = PBXBuildFile; fileRef = 884D75E02412D88400FA8035 /* rainbowlake.jpg */; };
		884D75EE2412D88400FA8035 /* charleyrivers.jpg in Resources */ = {isa = PBXBuildFile; fileRef = 884D75E12412D88400FA8035 /* charleyrivers.jpg */; };
		884D75EF2412D88400FA8035 /* turtlerock.jpg in Resources */ = {isa = PBXBuildFile; fileRef = 884D75E22412D88400FA8035 /* turtlerock.jpg */; };
		884D75F02412D88400FA8035 /* chincoteague.jpg in Resources */ = {isa = PBXBuildFile; fileRef = 884D75E32412D88400FA8035 /* chincoteague.jpg */; };
		884D75F12412D88400FA8035 /* chilkoottrail.jpg in Resources */ = {isa = PBXBuildFile; fileRef = 884D75E42412D88400FA8035 /* chilkoottrail.jpg */; };
		884D75F22412D88400FA8035 /* landmarkData.json in Resources */ = {isa = PBXBuildFile; fileRef = 884D75E52412D88400FA8035 /* landmarkData.json */; };
		884D75F52412D8B000FA8035 /* LandmarkList.swift in Sources */ = {isa = PBXBuildFile; fileRef = 884D75F32412D8B000FA8035 /* LandmarkList.swift */; };
		884D75F62412D8B000FA8035 /* LandmarkDetail.swift in Sources */ = {isa = PBXBuildFile; fileRef = 884D75F42412D8B000FA8035 /* LandmarkDetail.swift */; };
		884D75FB2412D92500FA8035 /* MapView.swift in Sources */ = {isa = PBXBuildFile; fileRef = 884D75F82412D92500FA8035 /* MapView.swift */; };
		884D75FC2412D92500FA8035 /* LandmarkRow.swift in Sources */ = {isa = PBXBuildFile; fileRef = 884D75F92412D92500FA8035 /* LandmarkRow.swift */; };
		884D75FD2412D92500FA8035 /* CircleImage.swift in Sources */ = {isa = PBXBuildFile; fileRef = 884D75FA2412D92500FA8035 /* CircleImage.swift */; };
/* End PBXBuildFile section */

/* Begin PBXFileReference section */
		884D75B62412D6D500FA8035 /* homework3.app */ = {isa = PBXFileReference; explicitFileType = wrapper.application; includeInIndex = 0; path = homework3.app; sourceTree = BUILT_PRODUCTS_DIR; };
		884D75B92412D6D500FA8035 /* AppDelegate.swift */ = {isa = PBXFileReference; lastKnownFileType = sourcecode.swift; path = AppDelegate.swift; sourceTree = "<group>"; };
		884D75BB2412D6D500FA8035 /* SceneDelegate.swift */ = {isa = PBXFileReference; lastKnownFileType = sourcecode.swift; path = SceneDelegate.swift; sourceTree = "<group>"; };
		884D75BD2412D6D500FA8035 /* ContentView.swift */ = {isa = PBXFileReference; lastKnownFileType = sourcecode.swift; path = ContentView.swift; sourceTree = "<group>"; };
		884D75BF2412D6D600FA8035 /* Assets.xcassets */ = {isa = PBXFileReference; lastKnownFileType = folder.assetcatalog; path = Assets.xcassets; sourceTree = "<group>"; };
		884D75C22412D6D600FA8035 /* Preview Assets.xcassets */ = {isa = PBXFileReference; lastKnownFileType = folder.assetcatalog; path = "Preview Assets.xcassets"; sourceTree = "<group>"; };
		884D75C52412D6D600FA8035 /* Base */ = {isa = PBXFileReference; lastKnownFileType = file.storyboard; name = Base; path = Base.lproj/LaunchScreen.storyboard; sourceTree = "<group>"; };
		884D75C72412D6D600FA8035 /* Info.plist */ = {isa = PBXFileReference; lastKnownFileType = text.plist.xml; path = Info.plist; sourceTree = "<group>"; };
		884D75D02412D7CC00FA8035 /* UserData.swift */ = {isa = PBXFileReference; fileEncoding = 4; lastKnownFileType = sourcecode.swift; name = UserData.swift; path = ../../../Downloads/HandlingUserInput/Complete/Landmarks/Landmarks/Models/UserData.swift; sourceTree = "<group>"; };
		884D75D12412D7CC00FA8035 /* Data.swift */ = {isa = PBXFileReference; fileEncoding = 4; lastKnownFileType = sourcecode.swift; name = Data.swift; path = ../../../Downloads/HandlingUserInput/Complete/Landmarks/Landmarks/Models/Data.swift; sourceTree = "<group>"; };
		884D75D22412D7CC00FA8035 /* Landmark.swift */ = {isa = PBXFileReference; fileEncoding = 4; lastKnownFileType = sourcecode.swift; name = Landmark.swift; path = ../../../Downloads/HandlingUserInput/Complete/Landmarks/Landmarks/Models/Landmark.swift; sourceTree = "<group>"; };
		884D75D92412D88400FA8035 /* silversalmoncreek.jpg */ = {isa = PBXFileReference; lastKnownFileType = image.jpeg; name = silversalmoncreek.jpg; path = ../../../Downloads/HandlingUserInput/Complete/Landmarks/Landmarks/Resources/silversalmoncreek.jpg; sourceTree = "<group>"; };
		884D75DA2412D88400FA8035 /* lakemcdonald.jpg */ = {isa = PBXFileReference; lastKnownFileType = image.jpeg; name = lakemcdonald.jpg; path = ../../../Downloads/HandlingUserInput/Complete/Landmarks/Landmarks/Resources/lakemcdonald.jpg; sourceTree = "<group>"; };
		884D75DB2412D88400FA8035 /* twinlake.jpg */ = {isa = PBXFileReference; lastKnownFileType = image.jpeg; name = twinlake.jpg; path = ../../../Downloads/HandlingUserInput/Complete/Landmarks/Landmarks/Resources/twinlake.jpg; sourceTree = "<group>"; };
		884D75DC2412D88400FA8035 /* stmarylake.jpg */ = {isa = PBXFileReference; lastKnownFileType = image.jpeg; name = stmarylake.jpg; path = ../../../Downloads/HandlingUserInput/Complete/Landmarks/Landmarks/Resources/stmarylake.jpg; sourceTree = "<group>"; };
		884D75DD2412D88400FA8035 /* icybay.jpg */ = {isa = PBXFileReference; lastKnownFileType = image.jpeg; name = icybay.jpg; path = ../../../Downloads/HandlingUserInput/Complete/Landmarks/Landmarks/Resources/icybay.jpg; sourceTree = "<group>"; };
		884D75DE2412D88400FA8035 /* umbagog.jpg */ = {isa = PBXFileReference; lastKnownFileType = image.jpeg; name = umbagog.jpg; path = ../../../Downloads/HandlingUserInput/Complete/Landmarks/Landmarks/Resources/umbagog.jpg; sourceTree = "<group>"; };
		884D75DF2412D88400FA8035 /* hiddenlake.jpg */ = {isa = PBXFileReference; lastKnownFileType = image.jpeg; name = hiddenlake.jpg; path = ../../../Downloads/HandlingUserInput/Complete/Landmarks/Landmarks/Resources/hiddenlake.jpg; sourceTree = "<group>"; };
		884D75E02412D88400FA8035 /* rainbowlake.jpg */ = {isa = PBXFileReference; lastKnownFileType = image.jpeg; name = rainbowlake.jpg; path = ../../../Downloads/HandlingUserInput/Complete/Landmarks/Landmarks/Resources/rainbowlake.jpg; sourceTree = "<group>"; };
		884D75E12412D88400FA8035 /* charleyrivers.jpg */ = {isa = PBXFileReference; lastKnownFileType = image.jpeg; name = charleyrivers.jpg; path = ../../../Downloads/HandlingUserInput/Complete/Landmarks/Landmarks/Resources/charleyrivers.jpg; sourceTree = "<group>"; };
		884D75E22412D88400FA8035 /* turtlerock.jpg */ = {isa = PBXFileReference; lastKnownFileType = image.jpeg; name = turtlerock.jpg; path = ../../../Downloads/HandlingUserInput/Complete/Landmarks/Landmarks/Resources/turtlerock.jpg; sourceTree = "<group>"; };
		884D75E32412D88400FA8035 /* chincoteague.jpg */ = {isa = PBXFileReference; lastKnownFileType = image.jpeg; name = chincoteague.jpg; path = ../../../Downloads/HandlingUserInput/Complete/Landmarks/Landmarks/Resources/chincoteague.jpg; sourceTree = "<group>"; };
		884D75E42412D88400FA8035 /* chilkoottrail.jpg */ = {isa = PBXFileReference; lastKnownFileType = image.jpeg; name = chilkoottrail.jpg; path = ../../../Downloads/HandlingUserInput/Complete/Landmarks/Landmarks/Resources/chilkoottrail.jpg; sourceTree = "<group>"; };
		884D75E52412D88400FA8035 /* landmarkData.json */ = {isa = PBXFileReference; fileEncoding = 4; lastKnownFileType = text.json; name = landmarkData.json; path = ../../../Downloads/HandlingUserInput/Complete/Landmarks/Landmarks/Resources/landmarkData.json; sourceTree = "<group>"; };
		884D75F32412D8B000FA8035 /* LandmarkList.swift */ = {isa = PBXFileReference; fileEncoding = 4; lastKnownFileType = sourcecode.swift; name = LandmarkList.swift; path = ../../Downloads/HandlingUserInput/Complete/Landmarks/Landmarks/LandmarkList.swift; sourceTree = "<group>"; };
		884D75F42412D8B000FA8035 /* LandmarkDetail.swift */ = {isa = PBXFileReference; fileEncoding = 4; lastKnownFileType = sourcecode.swift; name = LandmarkDetail.swift; path = ../../Downloads/HandlingUserInput/Complete/Landmarks/Landmarks/LandmarkDetail.swift; sourceTree = "<group>"; };
		884D75F82412D92500FA8035 /* MapView.swift */ = {isa = PBXFileReference; fileEncoding = 4; lastKnownFileType = sourcecode.swift; name = MapView.swift; path = "../../../Downloads/HandlingUserInput/Complete/Landmarks/Landmarks/Supporting Views/MapView.swift"; sourceTree = "<group>"; };
		884D75F92412D92500FA8035 /* LandmarkRow.swift */ = {isa = PBXFileReference; fileEncoding = 4; lastKnownFileType = sourcecode.swift; name = LandmarkRow.swift; path = "../../../Downloads/HandlingUserInput/Complete/Landmarks/Landmarks/Supporting Views/LandmarkRow.swift"; sourceTree = "<group>"; };
		884D75FA2412D92500FA8035 /* CircleImage.swift */ = {isa = PBXFileReference; fileEncoding = 4; lastKnownFileType = sourcecode.swift; name = CircleImage.swift; path = "../../../Downloads/HandlingUserInput/Complete/Landmarks/Landmarks/Supporting Views/CircleImage.swift"; sourceTree = "<group>"; };
/* End PBXFileReference section */

/* Begin PBXFrameworksBuildPhase section */
		884D75B32412D6D500FA8035 /* Frameworks */ = {
			isa = PBXFrameworksBuildPhase;
			buildActionMask = 2147483647;
			files = (
			);
			runOnlyForDeploymentPostprocessing = 0;
		};
/* End PBXFrameworksBuildPhase section */

/* Begin PBXGroup section */
		884D75AD2412D6D500FA8035 = {
			isa = PBXGroup;
			children = (
				884D75F72412D90300FA8035 /* supportingviews */,
				884D75F42412D8B000FA8035 /* LandmarkDetail.swift */,
				884D75F32412D8B000FA8035 /* LandmarkList.swift */,
				884D75D62412D83300FA8035 /* resources */,
				884D75CD2412D6E500FA8035 /* models */,
				884D75B82412D6D500FA8035 /* homework3 */,
				884D75B72412D6D500FA8035 /* Products */,
			);
			sourceTree = "<group>";
		};
		884D75B72412D6D500FA8035 /* Products */ = {
			isa = PBXGroup;
			children = (
				884D75B62412D6D500FA8035 /* homework3.app */,
			);
			name = Products;
			sourceTree = "<group>";
		};
		884D75B82412D6D500FA8035 /* homework3 */ = {
			isa = PBXGroup;
			children = (
				884D75B92412D6D500FA8035 /* AppDelegate.swift */,
				884D75BB2412D6D500FA8035 /* SceneDelegate.swift */,
				884D75BD2412D6D500FA8035 /* ContentView.swift */,
				884D75BF2412D6D600FA8035 /* Assets.xcassets */,
				884D75C42412D6D600FA8035 /* LaunchScreen.storyboard */,
				884D75C72412D6D600FA8035 /* Info.plist */,
				884D75C12412D6D600FA8035 /* Preview Content */,
			);
			path = homework3;
			sourceTree = "<group>";
		};
		884D75C12412D6D600FA8035 /* Preview Content */ = {
			isa = PBXGroup;
			children = (
				884D75C22412D6D600FA8035 /* Preview Assets.xcassets */,
			);
			path = "Preview Content";
			sourceTree = "<group>";
		};
		884D75CD2412D6E500FA8035 /* models */ = {
			isa = PBXGroup;
			children = (
				884D75D12412D7CC00FA8035 /* Data.swift */,
				884D75D22412D7CC00FA8035 /* Landmark.swift */,
				884D75D02412D7CC00FA8035 /* UserData.swift */,
			);
			path = models;
			sourceTree = "<group>";
		};
		884D75D62412D83300FA8035 /* resources */ = {
			isa = PBXGroup;
			children = (
				884D75E12412D88400FA8035 /* charleyrivers.jpg */,
				884D75E42412D88400FA8035 /* chilkoottrail.jpg */,
				884D75E32412D88400FA8035 /* chincoteague.jpg */,
				884D75DF2412D88400FA8035 /* hiddenlake.jpg */,
				884D75DD2412D88400FA8035 /* icybay.jpg */,
				884D75DA2412D88400FA8035 /* lakemcdonald.jpg */,
				884D75E52412D88400FA8035 /* landmarkData.json */,
				884D75E02412D88400FA8035 /* rainbowlake.jpg */,
				884D75D92412D88400FA8035 /* silversalmoncreek.jpg */,
				884D75DC2412D88400FA8035 /* stmarylake.jpg */,
				884D75E22412D88400FA8035 /* turtlerock.jpg */,
				884D75DB2412D88400FA8035 /* twinlake.jpg */,
				884D75DE2412D88400FA8035 /* umbagog.jpg */,
			);
			path = resources;
			sourceTree = "<group>";
		};
		884D75F72412D90300FA8035 /* supportingviews */ = {
			isa = PBXGroup;
			children = (
				884D75FA2412D92500FA8035 /* CircleImage.swift */,
				884D75F92412D92500FA8035 /* LandmarkRow.swift */,
				884D75F82412D92500FA8035 /* MapView.swift */,
			);
			path = supportingviews;
			sourceTree = "<group>";
		};
/* End PBXGroup section */

/* Begin PBXNativeTarget section */
		884D75B52412D6D500FA8035 /* homework3 */ = {
			isa = PBXNativeTarget;
			buildConfigurationList = 884D75CA2412D6D600FA8035 /* Build configuration list for PBXNativeTarget "homework3" */;
			buildPhases = (
				884D75B22412D6D500FA8035 /* Sources */,
				884D75B32412D6D500FA8035 /* Frameworks */,
				884D75B42412D6D500FA8035 /* Resources */,
			);
			buildRules = (
			);
			dependencies = (
			);
			name = homework3;
			productName = homework3;
			productReference = 884D75B62412D6D500FA8035 /* homework3.app */;
			productType = "com.apple.product-type.application";
		};
/* End PBXNativeTarget section */

/* Begin PBXProject section */
		884D75AE2412D6D500FA8035 /* Project object */ = {
			isa = PBXProject;
			attributes = {
				LastSwiftUpdateCheck = 1120;
				LastUpgradeCheck = 1120;
				ORGANIZATIONNAME = "Sravani Atluri";
				TargetAttributes = {
					884D75B52412D6D500FA8035 = {
						CreatedOnToolsVersion = 11.2.1;
					};
				};
			};
			buildConfigurationList = 884D75B12412D6D500FA8035 /* Build configuration list for PBXProject "homework3" */;
			compatibilityVersion = "Xcode 9.3";
			developmentRegion = en;
			hasScannedForEncodings = 0;
			knownRegions = (
				en,
				Base,
			);
			mainGroup = 884D75AD2412D6D500FA8035;
			productRefGroup = 884D75B72412D6D500FA8035 /* Products */;
			projectDirPath = "";
			projectRoot = "";
			targets = (
				884D75B52412D6D500FA8035 /* homework3 */,
			);
		};
/* End PBXProject section */

/* Begin PBXResourcesBuildPhase section */
		884D75B42412D6D500FA8035 /* Resources */ = {
			isa = PBXResourcesBuildPhase;
			buildActionMask = 2147483647;
			files = (
				884D75EF2412D88400FA8035 /* turtlerock.jpg in Resources */,
				884D75ED2412D88400FA8035 /* rainbowlake.jpg in Resources */,
				884D75E82412D88400FA8035 /* twinlake.jpg in Resources */,
				884D75C62412D6D600FA8035 /* LaunchScreen.storyboard in Resources */,
				884D75EE2412D88400FA8035 /* charleyrivers.jpg in Resources */,
				884D75EA2412D88400FA8035 /* icybay.jpg in Resources */,
				884D75E72412D88400FA8035 /* lakemcdonald.jpg in Resources */,
				884D75E62412D88400FA8035 /* silversalmoncreek.jpg in Resources */,
				884D75C32412D6D600FA8035 /* Preview Assets.xcassets in Resources */,
				884D75EB2412D88400FA8035 /* umbagog.jpg in Resources */,
				884D75F02412D88400FA8035 /* chincoteague.jpg in Resources */,
				884D75C02412D6D600FA8035 /* Assets.xcassets in Resources */,
				884D75EC2412D88400FA8035 /* hiddenlake.jpg in Resources */,
				884D75F22412D88400FA8035 /* landmarkData.json in Resources */,
				884D75F12412D88400FA8035 /* chilkoottrail.jpg in Resources */,
				884D75E92412D88400FA8035 /* stmarylake.jpg in Resources */,
			);
			runOnlyForDeploymentPostprocessing = 0;
		};
/* End PBXResourcesBuildPhase section */

/* Begin PBXSourcesBuildPhase section */
		884D75B22412D6D500FA8035 /* Sources */ = {
			isa = PBXSourcesBuildPhase;
			buildActionMask = 2147483647;
			files = (
				884D75BA2412D6D500FA8035 /* AppDelegate.swift in Sources */,
				884D75D42412D7CC00FA8035 /* Data.swift in Sources */,
				884D75BC2412D6D500FA8035 /* SceneDelegate.swift in Sources */,
				884D75F52412D8B000FA8035 /* LandmarkList.swift in Sources */,
				884D75F62412D8B000FA8035 /* LandmarkDetail.swift in Sources */,
				884D75D32412D7CC00FA8035 /* UserData.swift in Sources */,
				884D75BE2412D6D500FA8035 /* ContentView.swift in Sources */,
				884D75FB2412D92500FA8035 /* MapView.swift in Sources */,
				884D75FD2412D92500FA8035 /* CircleImage.swift in Sources */,
				884D75FC2412D92500FA8035 /* LandmarkRow.swift in Sources */,
				884D75D52412D7CC00FA8035 /* Landmark.swift in Sources */,
			);
			runOnlyForDeploymentPostprocessing = 0;
		};
/* End PBXSourcesBuildPhase section */

/* Begin PBXVariantGroup section */
		884D75C42412D6D600FA8035 /* LaunchScreen.storyboard */ = {
			isa = PBXVariantGroup;
			children = (
				884D75C52412D6D600FA8035 /* Base */,
			);
			name = LaunchScreen.storyboard;
			sourceTree = "<group>";
		};
/* End PBXVariantGroup section */

/* Begin XCBuildConfiguration section */
		884D75C82412D6D600FA8035 /* Debug */ = {
			isa = XCBuildConfiguration;
			buildSettings = {
				ALWAYS_SEARCH_USER_PATHS = NO;
				CLANG_ANALYZER_NONNULL = YES;
				CLANG_ANALYZER_NUMBER_OBJECT_CONVERSION = YES_AGGRESSIVE;
				CLANG_CXX_LANGUAGE_STANDARD = "gnu++14";
				CLANG_CXX_LIBRARY = "libc++";
				CLANG_ENABLE_MODULES = YES;
				CLANG_ENABLE_OBJC_ARC = YES;
				CLANG_ENABLE_OBJC_WEAK = YES;
				CLANG_WARN_BLOCK_CAPTURE_AUTORELEASING = YES;
				CLANG_WARN_BOOL_CONVERSION = YES;
				CLANG_WARN_COMMA = YES;
				CLANG_WARN_CONSTANT_CONVERSION = YES;
				CLANG_WARN_DEPRECATED_OBJC_IMPLEMENTATIONS = YES;
				CLANG_WARN_DIRECT_OBJC_ISA_USAGE = YES_ERROR;
				CLANG_WARN_DOCUMENTATION_COMMENTS = YES;
				CLANG_WARN_EMPTY_BODY = YES;
				CLANG_WARN_ENUM_CONVERSION = YES;
				CLANG_WARN_INFINITE_RECURSION = YES;
				CLANG_WARN_INT_CONVERSION = YES;
				CLANG_WARN_NON_LITERAL_NULL_CONVERSION = YES;
				CLANG_WARN_OBJC_IMPLICIT_RETAIN_SELF = YES;
				CLANG_WARN_OBJC_LITERAL_CONVERSION = YES;
				CLANG_WARN_OBJC_ROOT_CLASS = YES_ERROR;
				CLANG_WARN_RANGE_LOOP_ANALYSIS = YES;
				CLANG_WARN_STRICT_PROTOTYPES = YES;
				CLANG_WARN_SUSPICIOUS_MOVE = YES;
				CLANG_WARN_UNGUARDED_AVAILABILITY = YES_AGGRESSIVE;
				CLANG_WARN_UNREACHABLE_CODE = YES;
				CLANG_WARN__DUPLICATE_METHOD_MATCH = YES;
				COPY_PHASE_STRIP = NO;
				DEBUG_INFORMATION_FORMAT = dwarf;
				ENABLE_STRICT_OBJC_MSGSEND = YES;
				ENABLE_TESTABILITY = YES;
				GCC_C_LANGUAGE_STANDARD = gnu11;
				GCC_DYNAMIC_NO_PIC = NO;
				GCC_NO_COMMON_BLOCKS = YES;
				GCC_OPTIMIZATION_LEVEL = 0;
				GCC_PREPROCESSOR_DEFINITIONS = (
					"DEBUG=1",
					"$(inherited)",
				);
				GCC_WARN_64_TO_32_BIT_CONVERSION = YES;
				GCC_WARN_ABOUT_RETURN_TYPE = YES_ERROR;
				GCC_WARN_UNDECLARED_SELECTOR = YES;
				GCC_WARN_UNINITIALIZED_AUTOS = YES_AGGRESSIVE;
				GCC_WARN_UNUSED_FUNCTION = YES;
				GCC_WARN_UNUSED_VARIABLE = YES;
				IPHONEOS_DEPLOYMENT_TARGET = 13.2;
				MTL_ENABLE_DEBUG_INFO = INCLUDE_SOURCE;
				MTL_FAST_MATH = YES;
				ONLY_ACTIVE_ARCH = YES;
				SDKROOT = iphoneos;
				SWIFT_ACTIVE_COMPILATION_CONDITIONS = DEBUG;
				SWIFT_OPTIMIZATION_LEVEL = "-Onone";
			};
			name = Debug;
		};
		884D75C92412D6D600FA8035 /* Release */ = {
			isa = XCBuildConfiguration;
			buildSettings = {
				ALWAYS_SEARCH_USER_PATHS = NO;
				CLANG_ANALYZER_NONNULL = YES;
				CLANG_ANALYZER_NUMBER_OBJECT_CONVERSION = YES_AGGRESSIVE;
				CLANG_CXX_LANGUAGE_STANDARD = "gnu++14";
				CLANG_CXX_LIBRARY = "libc++";
				CLANG_ENABLE_MODULES = YES;
				CLANG_ENABLE_OBJC_ARC = YES;
				CLANG_ENABLE_OBJC_WEAK = YES;
				CLANG_WARN_BLOCK_CAPTURE_AUTORELEASING = YES;
				CLANG_WARN_BOOL_CONVERSION = YES;
				CLANG_WARN_COMMA = YES;
				CLANG_WARN_CONSTANT_CONVERSION = YES;
				CLANG_WARN_DEPRECATED_OBJC_IMPLEMENTATIONS = YES;
				CLANG_WARN_DIRECT_OBJC_ISA_USAGE = YES_ERROR;
				CLANG_WARN_DOCUMENTATION_COMMENTS = YES;
				CLANG_WARN_EMPTY_BODY = YES;
				CLANG_WARN_ENUM_CONVERSION = YES;
				CLANG_WARN_INFINITE_RECURSION = YES;
				CLANG_WARN_INT_CONVERSION = YES;
				CLANG_WARN_NON_LITERAL_NULL_CONVERSION = YES;
				CLANG_WARN_OBJC_IMPLICIT_RETAIN_SELF = YES;
				CLANG_WARN_OBJC_LITERAL_CONVERSION = YES;
				CLANG_WARN_OBJC_ROOT_CLASS = YES_ERROR;
				CLANG_WARN_RANGE_LOOP_ANALYSIS = YES;
				CLANG_WARN_STRICT_PROTOTYPES = YES;
				CLANG_WARN_SUSPICIOUS_MOVE = YES;
				CLANG_WARN_UNGUARDED_AVAILABILITY = YES_AGGRESSIVE;
				CLANG_WARN_UNREACHABLE_CODE = YES;
				CLANG_WARN__DUPLICATE_METHOD_MATCH = YES;
				COPY_PHASE_STRIP = NO;
				DEBUG_INFORMATION_FORMAT = "dwarf-with-dsym";
				ENABLE_NS_ASSERTIONS = NO;
				ENABLE_STRICT_OBJC_MSGSEND = YES;
				GCC_C_LANGUAGE_STANDARD = gnu11;
				GCC_NO_COMMON_BLOCKS = YES;
				GCC_WARN_64_TO_32_BIT_CONVERSION = YES;
				GCC_WARN_ABOUT_RETURN_TYPE = YES_ERROR;
				GCC_WARN_UNDECLARED_SELECTOR = YES;
				GCC_WARN_UNINITIALIZED_AUTOS = YES_AGGRESSIVE;
				GCC_WARN_UNUSED_FUNCTION = YES;
				GCC_WARN_UNUSED_VARIABLE = YES;
				IPHONEOS_DEPLOYMENT_TARGET = 13.2;
				MTL_ENABLE_DEBUG_INFO = NO;
				MTL_FAST_MATH = YES;
				SDKROOT = iphoneos;
				SWIFT_COMPILATION_MODE = wholemodule;
				SWIFT_OPTIMIZATION_LEVEL = "-O";
				VALIDATE_PRODUCT = YES;
			};
			name = Release;
		};
		884D75CB2412D6D600FA8035 /* Debug */ = {
			isa = XCBuildConfiguration;
			buildSettings = {
				ASSETCATALOG_COMPILER_APPICON_NAME = AppIcon;
				CODE_SIGN_STYLE = Automatic;
				DEVELOPMENT_ASSET_PATHS = "\"homework3/Preview Content\"";
				ENABLE_PREVIEWS = YES;
				INFOPLIST_FILE = homework3/Info.plist;
				LD_RUNPATH_SEARCH_PATHS = (
					"$(inherited)",
					"@executable_path/Frameworks",
				);
				PRODUCT_BUNDLE_IDENTIFIER = "ios-development.homework3";
				PRODUCT_NAME = "$(TARGET_NAME)";
				SWIFT_VERSION = 5.0;
				TARGETED_DEVICE_FAMILY = "1,2";
			};
			name = Debug;
		};
		884D75CC2412D6D600FA8035 /* Release */ = {
			isa = XCBuildConfiguration;
			buildSettings = {
				ASSETCATALOG_COMPILER_APPICON_NAME = AppIcon;
				CODE_SIGN_STYLE = Automatic;
				DEVELOPMENT_ASSET_PATHS = "\"homework3/Preview Content\"";
				ENABLE_PREVIEWS = YES;
				INFOPLIST_FILE = homework3/Info.plist;
				LD_RUNPATH_SEARCH_PATHS = (
					"$(inherited)",
					"@executable_path/Frameworks",
				);
				PRODUCT_BUNDLE_IDENTIFIER = "ios-development.homework3";
				PRODUCT_NAME = "$(TARGET_NAME)";
				SWIFT_VERSION = 5.0;
				TARGETED_DEVICE_FAMILY = "1,2";
			};
			name = Release;
		};
/* End XCBuildConfiguration section */

/* Begin XCConfigurationList section */
		884D75B12412D6D500FA8035 /* Build configuration list for PBXProject "homework3" */ = {
			isa = XCConfigurationList;
			buildConfigurations = (
				884D75C82412D6D600FA8035 /* Debug */,
				884D75C92412D6D600FA8035 /* Release */,
			);
			defaultConfigurationIsVisible = 0;
			defaultConfigurationName = Release;
		};
		884D75CA2412D6D600FA8035 /* Build configuration list for PBXNativeTarget "homework3" */ = {
			isa = XCConfigurationList;
			buildConfigurations = (
				884D75CB2412D6D600FA8035 /* Debug */,
				884D75CC2412D6D600FA8035 /* Release */,
			);
			defaultConfigurationIsVisible = 0;
			defaultConfigurationName = Release;
		};
/* End XCConfigurationList section */
	};
	rootObject = 884D75AE2412D6D500FA8035 /* Project object */;
}
